
Microsoft Visual Studio Solution File, Format Version 12.00
# Visual Studio Version 16
VisualStudioVersion = 16.0.31529.105
MinimumVisualStudioVersion = 10.0.40219.1
Project("{FAE04EC0-301F-11D3-BF4B-00C04F79EFBC}") = "TestGroupBy", "TestGroupBy\TestGroupBy.csproj", "{9211630D-8455-4A6D-9332-8137657D772B}"
EndProject
Global
	GlobalSection(SolutionConfigurationPlatforms) = preSolution
		Debug|Any CPU = Debug|Any CPU
		Release|Any CPU = Release|Any CPU
	EndGlobalSection
	GlobalSection(ProjectConfigurationPlatforms) = postSolution
		{9211630D-8455-4A6D-9332-8137657D772B}.Debug|Any CPU.ActiveCfg = Debug|Any CPU
		{9211630D-8455-4A6D-9332-8137657D772B}.Debug|Any CPU.Build.0 = Debug|Any CPU
		{9211630D-8455-4A6D-9332-8137657D772B}.Release|Any CPU.ActiveCfg = Release|Any CPU
		{9211630D-8455-4A6D-9332-8137657D772B}.Release|Any CPU.Build.0 = Release|Any CPU
	EndGlobalSection
	GlobalSection(SolutionProperties) = preSolution
		HideSolutionNode = FALSE
	EndGlobalSection
	GlobalSection(ExtensibilityGlobals) = postSolution
		SolutionGuid = {5BD3E77B-39AF-42DD-9A3E-B1686BC3B3DB}
	EndGlobalSection
EndGlobal
